
Microsoft Visual Studio Solution File, Format Version 12.00
# Visual Studio Version 17
VisualStudioVersion = 17.0.31903.59
MinimumVisualStudioVersion = 10.0.40219.1
Project("{FAE04EC0-301F-11D3-BF4B-00C04F79EFBC}") = "RazorCRM", "RazorCRM\RazorCRM.csproj", "{23A2C408-220A-42EE-8472-BC87B5901233}"
EndProject
Project("{FAE04EC0-301F-11D3-BF4B-00C04F79EFBC}") = "CRMApi", "CRMApi\CRMApi.csproj", "{7F3FBD99-27A5-49AA-999B-BFE38C9F2D43}"
EndProject
Project("{FAE04EC0-301F-11D3-BF4B-00C04F79EFBC}") = "NGNet", "NGNet\NGNet.csproj", "{37EC2C58-32B2-4A6D-9A50-D9D6858BE9D0}"
EndProject
Global
	GlobalSection(SolutionConfigurationPlatforms) = preSolution
		Debug|Any CPU = Debug|Any CPU
		Debug|x64 = Debug|x64
		Debug|x86 = Debug|x86
		Release|Any CPU = Release|Any CPU
		Release|x64 = Release|x64
		Release|x86 = Release|x86
	EndGlobalSection
	GlobalSection(ProjectConfigurationPlatforms) = postSolution
		{23A2C408-220A-42EE-8472-BC87B5901233}.Debug|Any CPU.ActiveCfg = Debug|Any CPU
		{23A2C408-220A-42EE-8472-BC87B5901233}.Debug|Any CPU.Build.0 = Debug|Any CPU
		{23A2C408-220A-42EE-8472-BC87B5901233}.Debug|x64.ActiveCfg = Debug|Any CPU
		{23A2C408-220A-42EE-8472-BC87B5901233}.Debug|x64.Build.0 = Debug|Any CPU
		{23A2C408-220A-42EE-8472-BC87B5901233}.Debug|x86.ActiveCfg = Debug|Any CPU
		{23A2C408-220A-42EE-8472-BC87B5901233}.Debug|x86.Build.0 = Debug|Any CPU
		{23A2C408-220A-42EE-8472-BC87B5901233}.Release|Any CPU.ActiveCfg = Release|Any CPU
		{23A2C408-220A-42EE-8472-BC87B5901233}.Release|Any CPU.Build.0 = Release|Any CPU
		{23A2C408-220A-42EE-8472-BC87B5901233}.Release|x64.ActiveCfg = Release|Any CPU
		{23A2C408-220A-42EE-8472-BC87B5901233}.Release|x64.Build.0 = Release|Any CPU
		{23A2C408-220A-42EE-8472-BC87B5901233}.Release|x86.ActiveCfg = Release|Any CPU
		{23A2C408-220A-42EE-8472-BC87B5901233}.Release|x86.Build.0 = Release|Any CPU
		{7F3FBD99-27A5-49AA-999B-BFE38C9F2D43}.Debug|Any CPU.ActiveCfg = Debug|Any CPU
		{7F3FBD99-27A5-49AA-999B-BFE38C9F2D43}.Debug|Any CPU.Build.0 = Debug|Any CPU
		{7F3FBD99-27A5-49AA-999B-BFE38C9F2D43}.Debug|x64.ActiveCfg = Debug|Any CPU
		{7F3FBD99-27A5-49AA-999B-BFE38C9F2D43}.Debug|x64.Build.0 = Debug|Any CPU
		{7F3FBD99-27A5-49AA-999B-BFE38C9F2D43}.Debug|x86.ActiveCfg = Debug|Any CPU
		{7F3FBD99-27A5-49AA-999B-BFE38C9F2D43}.Debug|x86.Build.0 = Debug|Any CPU
		{7F3FBD99-27A5-49AA-999B-BFE38C9F2D43}.Release|Any CPU.ActiveCfg = Release|Any CPU
		{7F3FBD99-27A5-49AA-999B-BFE38C9F2D43}.Release|Any CPU.Build.0 = Release|Any CPU
		{7F3FBD99-27A5-49AA-999B-BFE38C9F2D43}.Release|x64.ActiveCfg = Release|Any CPU
		{7F3FBD99-27A5-49AA-999B-BFE38C9F2D43}.Release|x64.Build.0 = Release|Any CPU
		{7F3FBD99-27A5-49AA-999B-BFE38C9F2D43}.Release|x86.ActiveCfg = Release|Any CPU
		{7F3FBD99-27A5-49AA-999B-BFE38C9F2D43}.Release|x86.Build.0 = Release|Any CPU
		{37EC2C58-32B2-4A6D-9A50-D9D6858BE9D0}.Debug|Any CPU.ActiveCfg = Debug|Any CPU
		{37EC2C58-32B2-4A6D-9A50-D9D6858BE9D0}.Debug|Any CPU.Build.0 = Debug|Any CPU
		{37EC2C58-32B2-4A6D-9A50-D9D6858BE9D0}.Debug|x64.ActiveCfg = Debug|Any CPU
		{37EC2C58-32B2-4A6D-9A50-D9D6858BE9D0}.Debug|x64.Build.0 = Debug|Any CPU
		{37EC2C58-32B2-4A6D-9A50-D9D6858BE9D0}.Debug|x86.ActiveCfg = Debug|Any CPU
		{37EC2C58-32B2-4A6D-9A50-D9D6858BE9D0}.Debug|x86.Build.0 = Debug|Any CPU
		{37EC2C58-32B2-4A6D-9A50-D9D6858BE9D0}.Release|Any CPU.ActiveCfg = Release|Any CPU
		{37EC2C58-32B2-4A6D-9A50-D9D6858BE9D0}.Release|Any CPU.Build.0 = Release|Any CPU
		{37EC2C58-32B2-4A6D-9A50-D9D6858BE9D0}.Release|x64.ActiveCfg = Release|Any CPU
		{37EC2C58-32B2-4A6D-9A50-D9D6858BE9D0}.Release|x64.Build.0 = Release|Any CPU
		{37EC2C58-32B2-4A6D-9A50-D9D6858BE9D0}.Release|x86.ActiveCfg = Release|Any CPU
		{37EC2C58-32B2-4A6D-9A50-D9D6858BE9D0}.Release|x86.Build.0 = Release|Any CPU
	EndGlobalSection
	GlobalSection(SolutionProperties) = preSolution
		HideSolutionNode = FALSE
	EndGlobalSection
EndGlobal
